
Microsoft Visual Studio Solution File, Format Version 12.00
# Visual Studio Version 17
VisualStudioVersion = 17.0.31912.275
MinimumVisualStudioVersion = 10.0.40219.1
Project("{9A19103F-16F7-4668-BE54-9A1E7A4F7556}") = "SharpDeck", "src\SharpDeck\SharpDeck.csproj", "{F2F0202D-630A-429C-86E6-F9D900CB7E74}"
EndProject
Project("{2150E333-8FDC-42A3-9474-1A3956D46DE8}") = "Examples", "Examples", "{91AE8732-D0CC-4618-968A-02EFDE46E4EF}"
EndProject
Project("{9A19103F-16F7-4668-BE54-9A1E7A4F7556}") = "StreamDeck", "src\StreamDeck\StreamDeck.csproj", "{CD331A0E-1E01-4C6A-9B3D-B4C78D46D934}"
EndProject
Project("{9A19103F-16F7-4668-BE54-9A1E7A4F7556}") = "Counter", "examples\Counter\Counter.csproj", "{A2FAC999-0AE4-406C-96D0-C7BC4FA9DD7E}"
EndProject
Project("{2150E333-8FDC-42A3-9474-1A3956D46DE8}") = "Tests", "Tests", "{0FDA08B2-D0DF-4CC3-9C1D-2637207538DD}"
EndProject
Project("{FAE04EC0-301F-11D3-BF4B-00C04F79EFBC}") = "StreamDeck.Tests", "tests\StreamDeck.Tests\StreamDeck.Tests.csproj", "{37B13CFA-DC0C-4C69-AFF4-BA0E77DB3FB3}"
EndProject
Project("{2150E333-8FDC-42A3-9474-1A3956D46DE8}") = "Libraries", "Libraries", "{449D22B4-147A-4F84-B4C3-9587D313F0E3}"
EndProject
Global
	GlobalSection(SolutionConfigurationPlatforms) = preSolution
		Debug|Any CPU = Debug|Any CPU
		Release|Any CPU = Release|Any CPU
	EndGlobalSection
	GlobalSection(ProjectConfigurationPlatforms) = postSolution
		{F2F0202D-630A-429C-86E6-F9D900CB7E74}.Debug|Any CPU.ActiveCfg = Debug|Any CPU
		{F2F0202D-630A-429C-86E6-F9D900CB7E74}.Debug|Any CPU.Build.0 = Debug|Any CPU
		{F2F0202D-630A-429C-86E6-F9D900CB7E74}.Release|Any CPU.ActiveCfg = Release|Any CPU
		{F2F0202D-630A-429C-86E6-F9D900CB7E74}.Release|Any CPU.Build.0 = Release|Any CPU
		{CD331A0E-1E01-4C6A-9B3D-B4C78D46D934}.Debug|Any CPU.ActiveCfg = Debug|Any CPU
		{CD331A0E-1E01-4C6A-9B3D-B4C78D46D934}.Debug|Any CPU.Build.0 = Debug|Any CPU
		{CD331A0E-1E01-4C6A-9B3D-B4C78D46D934}.Release|Any CPU.ActiveCfg = Release|Any CPU
		{CD331A0E-1E01-4C6A-9B3D-B4C78D46D934}.Release|Any CPU.Build.0 = Release|Any CPU
		{A2FAC999-0AE4-406C-96D0-C7BC4FA9DD7E}.Debug|Any CPU.ActiveCfg = Debug|Any CPU
		{A2FAC999-0AE4-406C-96D0-C7BC4FA9DD7E}.Debug|Any CPU.Build.0 = Debug|Any CPU
		{A2FAC999-0AE4-406C-96D0-C7BC4FA9DD7E}.Release|Any CPU.ActiveCfg = Release|Any CPU
		{A2FAC999-0AE4-406C-96D0-C7BC4FA9DD7E}.Release|Any CPU.Build.0 = Release|Any CPU
		{37B13CFA-DC0C-4C69-AFF4-BA0E77DB3FB3}.Debug|Any CPU.ActiveCfg = Debug|Any CPU
		{37B13CFA-DC0C-4C69-AFF4-BA0E77DB3FB3}.Debug|Any CPU.Build.0 = Debug|Any CPU
		{37B13CFA-DC0C-4C69-AFF4-BA0E77DB3FB3}.Release|Any CPU.ActiveCfg = Release|Any CPU
		{37B13CFA-DC0C-4C69-AFF4-BA0E77DB3FB3}.Release|Any CPU.Build.0 = Release|Any CPU
	EndGlobalSection
	GlobalSection(SolutionProperties) = preSolution
		HideSolutionNode = FALSE
	EndGlobalSection
	GlobalSection(NestedProjects) = preSolution
		{CD331A0E-1E01-4C6A-9B3D-B4C78D46D934} = {449D22B4-147A-4F84-B4C3-9587D313F0E3}
		{A2FAC999-0AE4-406C-96D0-C7BC4FA9DD7E} = {91AE8732-D0CC-4618-968A-02EFDE46E4EF}
		{37B13CFA-DC0C-4C69-AFF4-BA0E77DB3FB3} = {0FDA08B2-D0DF-4CC3-9C1D-2637207538DD}
	EndGlobalSection
	GlobalSection(ExtensibilityGlobals) = postSolution
		SolutionGuid = {8CE7DE09-893D-4603-807D-674413F38D73}
	EndGlobalSection
EndGlobal
