
Microsoft Visual Studio Solution File, Format Version 12.00
# Visual Studio Version 17
VisualStudioVersion = 17.0.31912.275
MinimumVisualStudioVersion = 10.0.40219.1
Project("{2150E333-8FDC-42A3-9474-1A3956D46DE8}") = "examples", "examples", "{91AE8732-D0CC-4618-968A-02EFDE46E4EF}"
	ProjectSection(SolutionItems) = preProject
		examples\Directory.Packages.props = examples\Directory.Packages.props
	EndProjectSection
EndProject
Project("{9A19103F-16F7-4668-BE54-9A1E7A4F7556}") = "Counter", "examples\Counter\Counter.csproj", "{A2FAC999-0AE4-406C-96D0-C7BC4FA9DD7E}"
EndProject
Project("{2150E333-8FDC-42A3-9474-1A3956D46DE8}") = "tests", "tests", "{0FDA08B2-D0DF-4CC3-9C1D-2637207538DD}"
	ProjectSection(SolutionItems) = preProject
		tests\Directory.Build.props = tests\Directory.Build.props
	EndProjectSection
EndProject
Project("{2150E333-8FDC-42A3-9474-1A3956D46DE8}") = "src", "src", "{449D22B4-147A-4F84-B4C3-9587D313F0E3}"
	ProjectSection(SolutionItems) = preProject
		src\Directory.Build.props = src\Directory.Build.props
	EndProjectSection
EndProject
Project("{2150E333-8FDC-42A3-9474-1A3956D46DE8}") = "Solution Items", "Solution Items", "{96D17EC6-DE4E-4E66-825C-6537171DCD6E}"
	ProjectSection(SolutionItems) = preProject
		.editorconfig = .editorconfig
		.filenesting.json = .filenesting.json
		.gitattributes = .gitattributes
		.gitignore = .gitignore
		Directory.Build.props = Directory.Build.props
		Directory.Packages.props = Directory.Packages.props
		LICENSE.md = LICENSE.md
		NuGet.Config = NuGet.Config
	EndProjectSection
EndProject
Project("{9A19103F-16F7-4668-BE54-9A1E7A4F7556}") = "StreamDeck.Core", "src\StreamDeck.Core\StreamDeck.Core.csproj", "{8354FA9D-0A61-4EA0-B41B-D3D10BC67B90}"
EndProject
Project("{9A19103F-16F7-4668-BE54-9A1E7A4F7556}") = "StreamDeck.Core.Tests", "tests\StreamDeck.Core.Tests\StreamDeck.Core.Tests.csproj", "{C4FAFD32-15F8-4EF5-AEC9-33F175496DD4}"
EndProject
Project("{9A19103F-16F7-4668-BE54-9A1E7A4F7556}") = "StreamDeck", "src\StreamDeck\StreamDeck.csproj", "{20A5C4AA-CF2B-4C31-BA4E-81BEA0D5BC6B}"
EndProject
Project("{9A19103F-16F7-4668-BE54-9A1E7A4F7556}") = "StreamDeck.Extensions", "src\StreamDeck.Extensions\StreamDeck.Extensions.csproj", "{0B56C7B9-13C9-4B94-8D04-1B5319E5CBC3}"
EndProject
Project("{9A19103F-16F7-4668-BE54-9A1E7A4F7556}") = "StreamDeck.Extensions.Tests", "tests\StreamDeck.Extensions.Tests\StreamDeck.Extensions.Tests.csproj", "{9DDCC039-A2B5-4FC5-BA56-5D67E56D62E5}"
EndProject
Project("{2150E333-8FDC-42A3-9474-1A3956D46DE8}") = "scripts", "scripts", "{76E85D54-E0AD-4454-A4D5-44032F1AC1E7}"
	ProjectSection(SolutionItems) = preProject
		scripts\coverage.sh = scripts\coverage.sh
		scripts\local-dist.sh = scripts\local-dist.sh
	EndProjectSection
EndProject
Project("{9A19103F-16F7-4668-BE54-9A1E7A4F7556}") = "StreamDeck.Generators", "src\StreamDeck.Generators\StreamDeck.Generators.csproj", "{2FEAACB5-F271-4A6C-BB24-D1C781C7FAD9}"
EndProject
Project("{9A19103F-16F7-4668-BE54-9A1E7A4F7556}") = "StreamDeck.Abstractions", "src\StreamDeck.Abstractions\StreamDeck.Abstractions.csproj", "{3230C0E4-0878-41FC-B8BB-8E5FC629634E}"
EndProject
Project("{9A19103F-16F7-4668-BE54-9A1E7A4F7556}") = "StreamDeck.Generators.Tests", "tests\StreamDeck.Generators.Tests\StreamDeck.Generators.Tests.csproj", "{B6FFA862-3AE6-4FD4-963E-B922FD070C29}"
EndProject
Global
	GlobalSection(SolutionConfigurationPlatforms) = preSolution
		Debug|Any CPU = Debug|Any CPU
		Release|Any CPU = Release|Any CPU
	EndGlobalSection
	GlobalSection(ProjectConfigurationPlatforms) = postSolution
		{A2FAC999-0AE4-406C-96D0-C7BC4FA9DD7E}.Debug|Any CPU.ActiveCfg = Debug|Any CPU
		{A2FAC999-0AE4-406C-96D0-C7BC4FA9DD7E}.Debug|Any CPU.Build.0 = Debug|Any CPU
		{A2FAC999-0AE4-406C-96D0-C7BC4FA9DD7E}.Release|Any CPU.ActiveCfg = Release|Any CPU
		{A2FAC999-0AE4-406C-96D0-C7BC4FA9DD7E}.Release|Any CPU.Build.0 = Release|Any CPU
		{8354FA9D-0A61-4EA0-B41B-D3D10BC67B90}.Debug|Any CPU.ActiveCfg = Debug|Any CPU
		{8354FA9D-0A61-4EA0-B41B-D3D10BC67B90}.Debug|Any CPU.Build.0 = Debug|Any CPU
		{8354FA9D-0A61-4EA0-B41B-D3D10BC67B90}.Release|Any CPU.ActiveCfg = Release|Any CPU
		{8354FA9D-0A61-4EA0-B41B-D3D10BC67B90}.Release|Any CPU.Build.0 = Release|Any CPU
		{C4FAFD32-15F8-4EF5-AEC9-33F175496DD4}.Debug|Any CPU.ActiveCfg = Debug|Any CPU
		{C4FAFD32-15F8-4EF5-AEC9-33F175496DD4}.Debug|Any CPU.Build.0 = Debug|Any CPU
		{C4FAFD32-15F8-4EF5-AEC9-33F175496DD4}.Release|Any CPU.ActiveCfg = Release|Any CPU
		{C4FAFD32-15F8-4EF5-AEC9-33F175496DD4}.Release|Any CPU.Build.0 = Release|Any CPU
		{20A5C4AA-CF2B-4C31-BA4E-81BEA0D5BC6B}.Debug|Any CPU.ActiveCfg = Debug|Any CPU
		{20A5C4AA-CF2B-4C31-BA4E-81BEA0D5BC6B}.Debug|Any CPU.Build.0 = Debug|Any CPU
		{20A5C4AA-CF2B-4C31-BA4E-81BEA0D5BC6B}.Release|Any CPU.ActiveCfg = Release|Any CPU
		{20A5C4AA-CF2B-4C31-BA4E-81BEA0D5BC6B}.Release|Any CPU.Build.0 = Release|Any CPU
		{0B56C7B9-13C9-4B94-8D04-1B5319E5CBC3}.Debug|Any CPU.ActiveCfg = Debug|Any CPU
		{0B56C7B9-13C9-4B94-8D04-1B5319E5CBC3}.Debug|Any CPU.Build.0 = Debug|Any CPU
		{0B56C7B9-13C9-4B94-8D04-1B5319E5CBC3}.Release|Any CPU.ActiveCfg = Release|Any CPU
		{0B56C7B9-13C9-4B94-8D04-1B5319E5CBC3}.Release|Any CPU.Build.0 = Release|Any CPU
		{9DDCC039-A2B5-4FC5-BA56-5D67E56D62E5}.Debug|Any CPU.ActiveCfg = Debug|Any CPU
		{9DDCC039-A2B5-4FC5-BA56-5D67E56D62E5}.Debug|Any CPU.Build.0 = Debug|Any CPU
		{9DDCC039-A2B5-4FC5-BA56-5D67E56D62E5}.Release|Any CPU.ActiveCfg = Release|Any CPU
		{9DDCC039-A2B5-4FC5-BA56-5D67E56D62E5}.Release|Any CPU.Build.0 = Release|Any CPU
		{2FEAACB5-F271-4A6C-BB24-D1C781C7FAD9}.Debug|Any CPU.ActiveCfg = Debug|Any CPU
		{2FEAACB5-F271-4A6C-BB24-D1C781C7FAD9}.Debug|Any CPU.Build.0 = Debug|Any CPU
		{2FEAACB5-F271-4A6C-BB24-D1C781C7FAD9}.Release|Any CPU.ActiveCfg = Release|Any CPU
		{2FEAACB5-F271-4A6C-BB24-D1C781C7FAD9}.Release|Any CPU.Build.0 = Release|Any CPU
		{3230C0E4-0878-41FC-B8BB-8E5FC629634E}.Debug|Any CPU.ActiveCfg = Debug|Any CPU
		{3230C0E4-0878-41FC-B8BB-8E5FC629634E}.Debug|Any CPU.Build.0 = Debug|Any CPU
		{3230C0E4-0878-41FC-B8BB-8E5FC629634E}.Release|Any CPU.ActiveCfg = Release|Any CPU
		{3230C0E4-0878-41FC-B8BB-8E5FC629634E}.Release|Any CPU.Build.0 = Release|Any CPU
		{B6FFA862-3AE6-4FD4-963E-B922FD070C29}.Debug|Any CPU.ActiveCfg = Debug|Any CPU
		{B6FFA862-3AE6-4FD4-963E-B922FD070C29}.Debug|Any CPU.Build.0 = Debug|Any CPU
		{B6FFA862-3AE6-4FD4-963E-B922FD070C29}.Release|Any CPU.ActiveCfg = Release|Any CPU
		{B6FFA862-3AE6-4FD4-963E-B922FD070C29}.Release|Any CPU.Build.0 = Release|Any CPU
	EndGlobalSection
	GlobalSection(SolutionProperties) = preSolution
		HideSolutionNode = FALSE
	EndGlobalSection
	GlobalSection(NestedProjects) = preSolution
		{A2FAC999-0AE4-406C-96D0-C7BC4FA9DD7E} = {91AE8732-D0CC-4618-968A-02EFDE46E4EF}
		{8354FA9D-0A61-4EA0-B41B-D3D10BC67B90} = {449D22B4-147A-4F84-B4C3-9587D313F0E3}
		{C4FAFD32-15F8-4EF5-AEC9-33F175496DD4} = {0FDA08B2-D0DF-4CC3-9C1D-2637207538DD}
		{20A5C4AA-CF2B-4C31-BA4E-81BEA0D5BC6B} = {449D22B4-147A-4F84-B4C3-9587D313F0E3}
		{0B56C7B9-13C9-4B94-8D04-1B5319E5CBC3} = {449D22B4-147A-4F84-B4C3-9587D313F0E3}
		{9DDCC039-A2B5-4FC5-BA56-5D67E56D62E5} = {0FDA08B2-D0DF-4CC3-9C1D-2637207538DD}
		{76E85D54-E0AD-4454-A4D5-44032F1AC1E7} = {96D17EC6-DE4E-4E66-825C-6537171DCD6E}
		{2FEAACB5-F271-4A6C-BB24-D1C781C7FAD9} = {449D22B4-147A-4F84-B4C3-9587D313F0E3}
		{3230C0E4-0878-41FC-B8BB-8E5FC629634E} = {449D22B4-147A-4F84-B4C3-9587D313F0E3}
		{B6FFA862-3AE6-4FD4-963E-B922FD070C29} = {0FDA08B2-D0DF-4CC3-9C1D-2637207538DD}
	EndGlobalSection
	GlobalSection(ExtensibilityGlobals) = postSolution
		SolutionGuid = {8CE7DE09-893D-4603-807D-674413F38D73}
	EndGlobalSection
EndGlobal
