
Microsoft Visual Studio Solution File, Format Version 12.00
# Visual Studio Version 16
VisualStudioVersion = 16.0.28922.388
MinimumVisualStudioVersion = 10.0.40219.1
Project("{9A19103F-16F7-4668-BE54-9A1E7A4F7556}") = "SharpDeck", "SharpDeck\SharpDeck.csproj", "{F2F0202D-630A-429C-86E6-F9D900CB7E74}"
EndProject
Project("{2150E333-8FDC-42A3-9474-1A3956D46DE8}") = "Root", "Root", "{0F3CE559-40D7-4053-AF79-B3A1B3043A3A}"
	ProjectSection(SolutionItems) = preProject
		.editorconfig = .editorconfig
		..\.gitattributes = ..\.gitattributes
		..\.gitignore = ..\.gitignore
		..\CHANGELOG.md = ..\CHANGELOG.md
		..\LICENSE.md = ..\LICENSE.md
		..\README.md = ..\README.md
	EndProjectSection
EndProject
Project("{9A19103F-16F7-4668-BE54-9A1E7A4F7556}") = "SharpDeck.Tests", "SharpDeck.Tests\SharpDeck.Tests.csproj", "{DA2E73D0-687E-4429-B481-5F5757743C32}"
EndProject
Project("{2150E333-8FDC-42A3-9474-1A3956D46DE8}") = ".github", ".github", "{8B7789F0-1319-473B-9DCA-05B94DCAE8D1}"
EndProject
Project("{2150E333-8FDC-42A3-9474-1A3956D46DE8}") = "workflow", "workflow", "{650416DC-EBAB-4C97-BA6A-EA3C32A435E8}"
	ProjectSection(SolutionItems) = preProject
		..\.github\workflows\build.yml = ..\.github\workflows\build.yml
		..\.github\workflows\examples.yml = ..\.github\workflows\examples.yml
		..\.github\workflows\release.yml = ..\.github\workflows\release.yml
	EndProjectSection
EndProject
Project("{2150E333-8FDC-42A3-9474-1A3956D46DE8}") = "Examples", "Examples", "{91AE8732-D0CC-4618-968A-02EFDE46E4EF}"
	ProjectSection(SolutionItems) = preProject
		..\examples\README.md = ..\examples\README.md
	EndProjectSection
EndProject
Project("{9A19103F-16F7-4668-BE54-9A1E7A4F7556}") = "Counter_netcoreapp31", "..\examples\Counter\netcoreapp3.1\Counter_netcoreapp31.csproj", "{6ABD6F43-8603-463F-B89F-C3898F1661AF}"
EndProject
Project("{9A19103F-16F7-4668-BE54-9A1E7A4F7556}") = "SharedCounter", "..\examples\SharedCounter\SharedCounter.csproj", "{39B46FDC-9D62-48C4-B7A1-B8DB423F25B9}"
EndProject
Project("{2150E333-8FDC-42A3-9474-1A3956D46DE8}") = "Counter", "Counter", "{33FA25F3-1583-458E-B86C-80EE90C6EE38}"
EndProject
Project("{9A19103F-16F7-4668-BE54-9A1E7A4F7556}") = "Counter_net48", "..\examples\Counter\net48\Counter_net48.csproj", "{CD620C06-FD35-4A9E-936D-6B00C928ACB1}"
EndProject
Project("{FAE04EC0-301F-11D3-BF4B-00C04F79EFBC}") = "DrillDown", "..\examples\DrillDown\DrillDown.csproj", "{E34D031D-91B5-40C3-8FD8-F6CDBBEE7371}"
EndProject
Global
	GlobalSection(SolutionConfigurationPlatforms) = preSolution
		Debug|Any CPU = Debug|Any CPU
		Release|Any CPU = Release|Any CPU
	EndGlobalSection
	GlobalSection(ProjectConfigurationPlatforms) = postSolution
		{F2F0202D-630A-429C-86E6-F9D900CB7E74}.Debug|Any CPU.ActiveCfg = Debug|Any CPU
		{F2F0202D-630A-429C-86E6-F9D900CB7E74}.Debug|Any CPU.Build.0 = Debug|Any CPU
		{F2F0202D-630A-429C-86E6-F9D900CB7E74}.Release|Any CPU.ActiveCfg = Release|Any CPU
		{F2F0202D-630A-429C-86E6-F9D900CB7E74}.Release|Any CPU.Build.0 = Release|Any CPU
		{DA2E73D0-687E-4429-B481-5F5757743C32}.Debug|Any CPU.ActiveCfg = Debug|Any CPU
		{DA2E73D0-687E-4429-B481-5F5757743C32}.Debug|Any CPU.Build.0 = Debug|Any CPU
		{DA2E73D0-687E-4429-B481-5F5757743C32}.Release|Any CPU.ActiveCfg = Release|Any CPU
		{DA2E73D0-687E-4429-B481-5F5757743C32}.Release|Any CPU.Build.0 = Release|Any CPU
		{6ABD6F43-8603-463F-B89F-C3898F1661AF}.Debug|Any CPU.ActiveCfg = Debug|Any CPU
		{6ABD6F43-8603-463F-B89F-C3898F1661AF}.Debug|Any CPU.Build.0 = Debug|Any CPU
		{6ABD6F43-8603-463F-B89F-C3898F1661AF}.Release|Any CPU.ActiveCfg = Release|Any CPU
		{6ABD6F43-8603-463F-B89F-C3898F1661AF}.Release|Any CPU.Build.0 = Release|Any CPU
		{39B46FDC-9D62-48C4-B7A1-B8DB423F25B9}.Debug|Any CPU.ActiveCfg = Debug|Any CPU
		{39B46FDC-9D62-48C4-B7A1-B8DB423F25B9}.Debug|Any CPU.Build.0 = Debug|Any CPU
		{39B46FDC-9D62-48C4-B7A1-B8DB423F25B9}.Release|Any CPU.ActiveCfg = Release|Any CPU
		{39B46FDC-9D62-48C4-B7A1-B8DB423F25B9}.Release|Any CPU.Build.0 = Release|Any CPU
		{CD620C06-FD35-4A9E-936D-6B00C928ACB1}.Debug|Any CPU.ActiveCfg = Debug|Any CPU
		{CD620C06-FD35-4A9E-936D-6B00C928ACB1}.Debug|Any CPU.Build.0 = Debug|Any CPU
		{CD620C06-FD35-4A9E-936D-6B00C928ACB1}.Release|Any CPU.ActiveCfg = Release|Any CPU
		{CD620C06-FD35-4A9E-936D-6B00C928ACB1}.Release|Any CPU.Build.0 = Release|Any CPU
		{E34D031D-91B5-40C3-8FD8-F6CDBBEE7371}.Debug|Any CPU.ActiveCfg = Debug|Any CPU
		{E34D031D-91B5-40C3-8FD8-F6CDBBEE7371}.Debug|Any CPU.Build.0 = Debug|Any CPU
		{E34D031D-91B5-40C3-8FD8-F6CDBBEE7371}.Release|Any CPU.ActiveCfg = Release|Any CPU
		{E34D031D-91B5-40C3-8FD8-F6CDBBEE7371}.Release|Any CPU.Build.0 = Release|Any CPU
	EndGlobalSection
	GlobalSection(SolutionProperties) = preSolution
		HideSolutionNode = FALSE
	EndGlobalSection
	GlobalSection(NestedProjects) = preSolution
		{8B7789F0-1319-473B-9DCA-05B94DCAE8D1} = {0F3CE559-40D7-4053-AF79-B3A1B3043A3A}
		{650416DC-EBAB-4C97-BA6A-EA3C32A435E8} = {8B7789F0-1319-473B-9DCA-05B94DCAE8D1}
		{6ABD6F43-8603-463F-B89F-C3898F1661AF} = {33FA25F3-1583-458E-B86C-80EE90C6EE38}
		{39B46FDC-9D62-48C4-B7A1-B8DB423F25B9} = {91AE8732-D0CC-4618-968A-02EFDE46E4EF}
		{33FA25F3-1583-458E-B86C-80EE90C6EE38} = {91AE8732-D0CC-4618-968A-02EFDE46E4EF}
		{CD620C06-FD35-4A9E-936D-6B00C928ACB1} = {33FA25F3-1583-458E-B86C-80EE90C6EE38}
		{E34D031D-91B5-40C3-8FD8-F6CDBBEE7371} = {91AE8732-D0CC-4618-968A-02EFDE46E4EF}
	EndGlobalSection
	GlobalSection(ExtensibilityGlobals) = postSolution
		SolutionGuid = {8CE7DE09-893D-4603-807D-674413F38D73}
	EndGlobalSection
EndGlobal
