
Microsoft Visual Studio Solution File, Format Version 12.00
# Visual Studio Version 16
VisualStudioVersion = 16.0.28922.388
MinimumVisualStudioVersion = 10.0.40219.1
Project("{9A19103F-16F7-4668-BE54-9A1E7A4F7556}") = "SharpDeck", "SharpDeck\SharpDeck.csproj", "{F2F0202D-630A-429C-86E6-F9D900CB7E74}"
EndProject
Project("{2150E333-8FDC-42A3-9474-1A3956D46DE8}") = "Root", "Root", "{0F3CE559-40D7-4053-AF79-B3A1B3043A3A}"
	ProjectSection(SolutionItems) = preProject
		..\.editorconfig = ..\.editorconfig
		..\.gitattributes = ..\.gitattributes
		..\.gitignore = ..\.gitignore
		..\CHANGELOG.md = ..\CHANGELOG.md
		..\LICENSE.md = ..\LICENSE.md
		..\README.md = ..\README.md
	EndProjectSection
EndProject
Project("{9A19103F-16F7-4668-BE54-9A1E7A4F7556}") = "SharpDeck.Tests", "SharpDeck.Tests\SharpDeck.Tests.csproj", "{DA2E73D0-687E-4429-B481-5F5757743C32}"
EndProject
Project("{2150E333-8FDC-42A3-9474-1A3956D46DE8}") = ".github", ".github", "{8B7789F0-1319-473B-9DCA-05B94DCAE8D1}"
EndProject
Project("{2150E333-8FDC-42A3-9474-1A3956D46DE8}") = "workflow", "workflow", "{650416DC-EBAB-4C97-BA6A-EA3C32A435E8}"
	ProjectSection(SolutionItems) = preProject
		..\.github\workflows\build.yml = ..\.github\workflows\build.yml
		..\.github\workflows\release.yml = ..\.github\workflows\release.yml
	EndProjectSection
EndProject
Project("{2150E333-8FDC-42A3-9474-1A3956D46DE8}") = "Examples", "Examples", "{91AE8732-D0CC-4618-968A-02EFDE46E4EF}"
EndProject
Project("{FAE04EC0-301F-11D3-BF4B-00C04F79EFBC}") = "SimplePlugin", "..\examples\SimplePlugin\SimplePlugin.csproj", "{6ABD6F43-8603-463F-B89F-C3898F1661AF}"
EndProject
Global
	GlobalSection(SolutionConfigurationPlatforms) = preSolution
		Debug|Any CPU = Debug|Any CPU
		Release|Any CPU = Release|Any CPU
	EndGlobalSection
	GlobalSection(ProjectConfigurationPlatforms) = postSolution
		{F2F0202D-630A-429C-86E6-F9D900CB7E74}.Debug|Any CPU.ActiveCfg = Debug|Any CPU
		{F2F0202D-630A-429C-86E6-F9D900CB7E74}.Debug|Any CPU.Build.0 = Debug|Any CPU
		{F2F0202D-630A-429C-86E6-F9D900CB7E74}.Release|Any CPU.ActiveCfg = Release|Any CPU
		{F2F0202D-630A-429C-86E6-F9D900CB7E74}.Release|Any CPU.Build.0 = Release|Any CPU
		{DA2E73D0-687E-4429-B481-5F5757743C32}.Debug|Any CPU.ActiveCfg = Debug|Any CPU
		{DA2E73D0-687E-4429-B481-5F5757743C32}.Debug|Any CPU.Build.0 = Debug|Any CPU
		{DA2E73D0-687E-4429-B481-5F5757743C32}.Release|Any CPU.ActiveCfg = Release|Any CPU
		{DA2E73D0-687E-4429-B481-5F5757743C32}.Release|Any CPU.Build.0 = Release|Any CPU
		{6ABD6F43-8603-463F-B89F-C3898F1661AF}.Debug|Any CPU.ActiveCfg = Debug|Any CPU
		{6ABD6F43-8603-463F-B89F-C3898F1661AF}.Debug|Any CPU.Build.0 = Debug|Any CPU
		{6ABD6F43-8603-463F-B89F-C3898F1661AF}.Release|Any CPU.ActiveCfg = Release|Any CPU
		{6ABD6F43-8603-463F-B89F-C3898F1661AF}.Release|Any CPU.Build.0 = Release|Any CPU
	EndGlobalSection
	GlobalSection(SolutionProperties) = preSolution
		HideSolutionNode = FALSE
	EndGlobalSection
	GlobalSection(NestedProjects) = preSolution
		{8B7789F0-1319-473B-9DCA-05B94DCAE8D1} = {0F3CE559-40D7-4053-AF79-B3A1B3043A3A}
		{650416DC-EBAB-4C97-BA6A-EA3C32A435E8} = {8B7789F0-1319-473B-9DCA-05B94DCAE8D1}
		{6ABD6F43-8603-463F-B89F-C3898F1661AF} = {91AE8732-D0CC-4618-968A-02EFDE46E4EF}
	EndGlobalSection
	GlobalSection(ExtensibilityGlobals) = postSolution
		SolutionGuid = {8CE7DE09-893D-4603-807D-674413F38D73}
	EndGlobalSection
EndGlobal
