
Microsoft Visual Studio Solution File, Format Version 12.00
# Visual Studio 15
VisualStudioVersion = 15.0.28307.271
MinimumVisualStudioVersion = 10.0.40219.1
Project("{9A19103F-16F7-4668-BE54-9A1E7A4F7556}") = "SharpDeck.Console", "..\tools\SharpDeck.Console\SharpDeck.Console.csproj", "{B25A24C0-B696-4348-9A52-30A29F2AD78C}"
EndProject
Project("{FAE04EC0-301F-11D3-BF4B-00C04F79EFBC}") = "Wss.Console", "..\tools\Wss.Console\Wss.Console.csproj", "{653B5621-0915-4A5C-9267-28CDB50A16E6}"
EndProject
Project("{9A19103F-16F7-4668-BE54-9A1E7A4F7556}") = "SharpDeck", "SharpDeck.csproj", "{119E982E-0DBB-435E-A470-4A8C8C973998}"
EndProject
Global
	GlobalSection(SolutionConfigurationPlatforms) = preSolution
		Debug|Any CPU = Debug|Any CPU
		Release|Any CPU = Release|Any CPU
	EndGlobalSection
	GlobalSection(ProjectConfigurationPlatforms) = postSolution
		{B25A24C0-B696-4348-9A52-30A29F2AD78C}.Debug|Any CPU.ActiveCfg = Debug|Any CPU
		{B25A24C0-B696-4348-9A52-30A29F2AD78C}.Debug|Any CPU.Build.0 = Debug|Any CPU
		{B25A24C0-B696-4348-9A52-30A29F2AD78C}.Release|Any CPU.ActiveCfg = Release|Any CPU
		{B25A24C0-B696-4348-9A52-30A29F2AD78C}.Release|Any CPU.Build.0 = Release|Any CPU
		{653B5621-0915-4A5C-9267-28CDB50A16E6}.Debug|Any CPU.ActiveCfg = Debug|Any CPU
		{653B5621-0915-4A5C-9267-28CDB50A16E6}.Debug|Any CPU.Build.0 = Debug|Any CPU
		{653B5621-0915-4A5C-9267-28CDB50A16E6}.Release|Any CPU.ActiveCfg = Release|Any CPU
		{653B5621-0915-4A5C-9267-28CDB50A16E6}.Release|Any CPU.Build.0 = Release|Any CPU
		{119E982E-0DBB-435E-A470-4A8C8C973998}.Debug|Any CPU.ActiveCfg = Debug|Any CPU
		{119E982E-0DBB-435E-A470-4A8C8C973998}.Debug|Any CPU.Build.0 = Debug|Any CPU
		{119E982E-0DBB-435E-A470-4A8C8C973998}.Release|Any CPU.ActiveCfg = Release|Any CPU
		{119E982E-0DBB-435E-A470-4A8C8C973998}.Release|Any CPU.Build.0 = Release|Any CPU
	EndGlobalSection
	GlobalSection(SolutionProperties) = preSolution
		HideSolutionNode = FALSE
	EndGlobalSection
	GlobalSection(ExtensibilityGlobals) = postSolution
		SolutionGuid = {8CE7DE09-893D-4603-807D-674413F38D73}
	EndGlobalSection
EndGlobal
